
Microsoft Visual Studio Solution File, Format Version 12.00
# Visual Studio 15
VisualStudioVersion = 15.0.28307.168
MinimumVisualStudioVersion = 10.0.40219.1
Project("{FAE04EC0-301F-11D3-BF4B-00C04F79EFBC}") = "FancyProjects.Http", "FancyProjects.Http\FancyProjects.Http.csproj", "{6457F95F-5032-4BDE-9631-839035E18502}"
EndProject
Global
	GlobalSection(SolutionConfigurationPlatforms) = preSolution
		Debug|Any CPU = Debug|Any CPU
		Release|Any CPU = Release|Any CPU
	EndGlobalSection
	GlobalSection(ProjectConfigurationPlatforms) = postSolution
		{6457F95F-5032-4BDE-9631-839035E18502}.Debug|Any CPU.ActiveCfg = Debug|Any CPU
		{6457F95F-5032-4BDE-9631-839035E18502}.Debug|Any CPU.Build.0 = Debug|Any CPU
		{6457F95F-5032-4BDE-9631-839035E18502}.Release|Any CPU.ActiveCfg = Release|Any CPU
		{6457F95F-5032-4BDE-9631-839035E18502}.Release|Any CPU.Build.0 = Release|Any CPU
	EndGlobalSection
	GlobalSection(SolutionProperties) = preSolution
		HideSolutionNode = FALSE
	EndGlobalSection
	GlobalSection(ExtensibilityGlobals) = postSolution
		SolutionGuid = {01DA73BD-7220-4797-BFDB-1F768F1F9B7A}
	EndGlobalSection
EndGlobal
